
Microsoft Visual Studio Solution File, Format Version 12.00
# Visual Studio 2013
VisualStudioVersion = 12.0.40629.0
MinimumVisualStudioVersion = 10.0.40219.1
Project("{FAE04EC0-301F-11D3-BF4B-00C04F79EFBC}") = "DocuSignCodeChallenge", "DocuSignCodeChallenge\DocuSignCodeChallenge.csproj", "{62B314D3-6293-4AD7-BFB0-92E630BA83CD}"
EndProject
Project("{FAE04EC0-301F-11D3-BF4B-00C04F79EFBC}") = "LeaveTheHouseApp", "LeaveTheHouseApp\LeaveTheHouseApp.csproj", "{BB79B1F7-35BD-48A2-A4D8-4222F9EF20DF}"
EndProject
Project("{FAE04EC0-301F-11D3-BF4B-00C04F79EFBC}") = "LeaveTheHouseAppTest", "LeaveTheHouseAppTest\LeaveTheHouseAppTest.csproj", "{067456C0-086C-46A8-B37F-1405717B7BFC}"
EndProject
Global
	GlobalSection(SolutionConfigurationPlatforms) = preSolution
		Debug|Any CPU = Debug|Any CPU
		Release|Any CPU = Release|Any CPU
	EndGlobalSection
	GlobalSection(ProjectConfigurationPlatforms) = postSolution
		{62B314D3-6293-4AD7-BFB0-92E630BA83CD}.Debug|Any CPU.ActiveCfg = Debug|Any CPU
		{62B314D3-6293-4AD7-BFB0-92E630BA83CD}.Debug|Any CPU.Build.0 = Debug|Any CPU
		{62B314D3-6293-4AD7-BFB0-92E630BA83CD}.Release|Any CPU.ActiveCfg = Release|Any CPU
		{62B314D3-6293-4AD7-BFB0-92E630BA83CD}.Release|Any CPU.Build.0 = Release|Any CPU
		{BB79B1F7-35BD-48A2-A4D8-4222F9EF20DF}.Debug|Any CPU.ActiveCfg = Debug|Any CPU
		{BB79B1F7-35BD-48A2-A4D8-4222F9EF20DF}.Debug|Any CPU.Build.0 = Debug|Any CPU
		{BB79B1F7-35BD-48A2-A4D8-4222F9EF20DF}.Release|Any CPU.ActiveCfg = Release|Any CPU
		{BB79B1F7-35BD-48A2-A4D8-4222F9EF20DF}.Release|Any CPU.Build.0 = Release|Any CPU
		{067456C0-086C-46A8-B37F-1405717B7BFC}.Debug|Any CPU.ActiveCfg = Debug|Any CPU
		{067456C0-086C-46A8-B37F-1405717B7BFC}.Debug|Any CPU.Build.0 = Debug|Any CPU
		{067456C0-086C-46A8-B37F-1405717B7BFC}.Release|Any CPU.ActiveCfg = Release|Any CPU
		{067456C0-086C-46A8-B37F-1405717B7BFC}.Release|Any CPU.Build.0 = Release|Any CPU
	EndGlobalSection
	GlobalSection(SolutionProperties) = preSolution
		HideSolutionNode = FALSE
	EndGlobalSection
EndGlobal
